#
# This file is autogenerated by pip-compile with Python 3.12
# by the following command:
#
#    pip-compile --extra=dev --extra=full --output-file=/Users/enginaltunlu/Documents/codes/face-trans-diagnostic-phenotypes/requirements.lock --strip-extras pyproject.toml
#
annotated-types==0.7.0
    # via pydantic
asttokens==3.0.1
    # via stack-data
attrs==26.1.0
    # via
    #   jsonschema
    #   referencing
build==1.5.0
    # via pip-tools
choreographer==1.3.0
    # via kaleido
click==8.4.1
    # via pip-tools
contourpy==1.3.3
    # via matplotlib
coverage==7.14.1
    # via pytest-cov
cycler==0.12.1
    # via matplotlib
decorator==5.3.1
    # via ipython
et-xmlfile==2.0.0
    # via openpyxl
executing==2.2.1
    # via stack-data
fastjsonschema==2.21.2
    # via nbformat
filelock==3.29.0
    # via torch
fonttools==4.63.0
    # via matplotlib
fsspec==2026.4.0
    # via torch
iniconfig==2.3.0
    # via pytest
ipython==9.13.0
    # via trans-diag (pyproject.toml)
ipython-pygments-lexers==1.1.1
    # via ipython
jedi==0.20.0
    # via ipython
jinja2==3.1.6
    # via torch
joblib==1.5.3
    # via scikit-learn
jsonschema==4.26.0
    # via nbformat
jsonschema-specifications==2025.9.1
    # via jsonschema
jupyter-core==5.9.1
    # via nbformat
kaleido==1.3.0
    # via trans-diag (pyproject.toml)
kiwisolver==1.5.0
    # via matplotlib
logistro==2.0.1
    # via
    #   choreographer
    #   kaleido
markupsafe==3.0.3
    # via jinja2
matplotlib==3.10.9
    # via trans-diag (pyproject.toml)
matplotlib-inline==0.2.2
    # via ipython
mpmath==1.3.0
    # via sympy
narwhals==2.21.2
    # via plotly
nbformat==5.10.4
    # via trans-diag (pyproject.toml)
networkx==3.6.1
    # via torch
neurocombat==0.2.12
    # via trans-diag (pyproject.toml)
neuroharmonize==2.4.5
    # via trans-diag (pyproject.toml)
nibabel==5.4.2
    # via trans-diag (pyproject.toml)
numpy==2.4.6
    # via
    #   contourpy
    #   matplotlib
    #   nibabel
    #   pandas
    #   patsy
    #   scikit-learn
    #   scipy
    #   statsmodels
    #   trans-diag (pyproject.toml)
openpyxl==3.1.5
    # via trans-diag (pyproject.toml)
orjson==3.11.9
    # via kaleido
packaging==26.2
    # via
    #   build
    #   kaleido
    #   matplotlib
    #   nibabel
    #   plotly
    #   pytest
    #   statsmodels
    #   wheel
pandas==3.0.3
    # via
    #   statsmodels
    #   trans-diag (pyproject.toml)
parso==0.8.7
    # via jedi
patsy==1.0.2
    # via statsmodels
pexpect==4.9.0
    # via ipython
pillow==12.2.0
    # via matplotlib
pip-tools==7.5.3
    # via trans-diag (pyproject.toml)
platformdirs==4.9.6
    # via
    #   choreographer
    #   jupyter-core
plotly==6.7.0
    # via trans-diag (pyproject.toml)
pluggy==1.6.0
    # via
    #   pytest
    #   pytest-cov
prompt-toolkit==3.0.52
    # via ipython
psutil==7.2.2
    # via ipython
ptyprocess==0.7.0
    # via pexpect
pure-eval==0.2.3
    # via stack-data
pyarrow==24.0.0
    # via trans-diag (pyproject.toml)
pydantic==2.13.4
    # via trans-diag (pyproject.toml)
pydantic-core==2.46.4
    # via pydantic
pygments==2.20.0
    # via
    #   ipython
    #   ipython-pygments-lexers
    #   pytest
pyparsing==3.3.2
    # via matplotlib
pyproject-hooks==1.2.0
    # via
    #   build
    #   pip-tools
pytest==9.0.3
    # via
    #   pytest-cov
    #   trans-diag (pyproject.toml)
pytest-cov==7.1.0
    # via trans-diag (pyproject.toml)
python-dateutil==2.9.0.post0
    # via
    #   matplotlib
    #   pandas
pyyaml==6.0.3
    # via trans-diag (pyproject.toml)
referencing==0.37.0
    # via
    #   jsonschema
    #   jsonschema-specifications
rpds-py==0.30.0
    # via
    #   jsonschema
    #   referencing
ruff==0.15.14
    # via trans-diag (pyproject.toml)
scikit-learn==1.8.0
    # via trans-diag (pyproject.toml)
scipy==1.17.1
    # via
    #   scikit-learn
    #   statsmodels
    #   trans-diag (pyproject.toml)
simplejson==4.1.1
    # via choreographer
six==1.17.0
    # via python-dateutil
stack-data==0.6.3
    # via ipython
statsmodels==0.14.6
    # via trans-diag (pyproject.toml)
sympy==1.14.0
    # via torch
threadpoolctl==3.6.0
    # via scikit-learn
torch==2.12.0
    # via trans-diag (pyproject.toml)
traitlets==5.15.0
    # via
    #   ipython
    #   jupyter-core
    #   matplotlib-inline
    #   nbformat
typing-extensions==4.15.0
    # via
    #   nibabel
    #   pydantic
    #   pydantic-core
    #   referencing
    #   torch
    #   typing-inspection
typing-inspection==0.4.2
    # via pydantic
wcwidth==0.7.0
    # via prompt-toolkit
wheel==0.47.0
    # via pip-tools

# The following packages are considered to be unsafe in a requirements file:
# pip
# setuptools
